
Microsoft Visual Studio Solution File, Format Version 12.00
# Visual Studio Version 16
VisualStudioVersion = 16.0.30804.86
MinimumVisualStudioVersion = 10.0.40219.1
Project("{FAE04EC0-301F-11D3-BF4B-00C04F79EFBC}") = "CS408_Project", "CS408_Project\CS408_Project.csproj", "{A1308D4D-5A75-435C-BB20-8E4AB70C2ABC}"
EndProject
Global
	GlobalSection(SolutionConfigurationPlatforms) = preSolution
		Debug|Any CPU = Debug|Any CPU
		Release|Any CPU = Release|Any CPU
	EndGlobalSection
	GlobalSection(ProjectConfigurationPlatforms) = postSolution
		{A1308D4D-5A75-435C-BB20-8E4AB70C2ABC}.Debug|Any CPU.ActiveCfg = Debug|Any CPU
		{A1308D4D-5A75-435C-BB20-8E4AB70C2ABC}.Debug|Any CPU.Build.0 = Debug|Any CPU
		{A1308D4D-5A75-435C-BB20-8E4AB70C2ABC}.Release|Any CPU.ActiveCfg = Release|Any CPU
		{A1308D4D-5A75-435C-BB20-8E4AB70C2ABC}.Release|Any CPU.Build.0 = Release|Any CPU
	EndGlobalSection
	GlobalSection(SolutionProperties) = preSolution
		HideSolutionNode = FALSE
	EndGlobalSection
	GlobalSection(ExtensibilityGlobals) = postSolution
		SolutionGuid = {AE2CC060-F07A-456C-813F-562A3E6941A7}
	EndGlobalSection
EndGlobal
